
Microsoft Visual Studio Solution File, Format Version 12.00
# Visual Studio 2015
Project("{FAE04EC0-301F-11D3-BF4B-00C04F79EFBC}") = "MANCrazyTaxi", "MANCrazyTaxi.csproj", "{2456FE1D-B6F0-8E9D-2BC1-A706FA37FEBF}"
EndProject
Global
	GlobalSection(SolutionConfigurationPlatforms) = preSolution
		Debug|Any CPU = Debug|Any CPU
		Release|Any CPU = Release|Any CPU
	EndGlobalSection
	GlobalSection(ProjectConfigurationPlatforms) = postSolution
		{2456FE1D-B6F0-8E9D-2BC1-A706FA37FEBF}.Debug|Any CPU.ActiveCfg = Debug|Any CPU
		{2456FE1D-B6F0-8E9D-2BC1-A706FA37FEBF}.Debug|Any CPU.Build.0 = Debug|Any CPU
		{2456FE1D-B6F0-8E9D-2BC1-A706FA37FEBF}.Release|Any CPU.ActiveCfg = Release|Any CPU
		{2456FE1D-B6F0-8E9D-2BC1-A706FA37FEBF}.Release|Any CPU.Build.0 = Release|Any CPU
	EndGlobalSection
	GlobalSection(SolutionProperties) = preSolution
		HideSolutionNode = FALSE
	EndGlobalSection
EndGlobal
